# This file is automatically @generated by Wally.
# It is not intended for manual editing.
registry = "test"

[[package]]
name = "evaera/promise"
version = "4.0.0"
dependencies = []

[[package]]
name = "letiul/nknot"
version = "1.0.0"
dependencies = [["promise", "evaera/promise@4.0.0"], ["roact", "roblox/roact@1.4.4"], ["signal", "lucasmzreal/fastsignal@10.2.1"]]

[[package]]
name = "lucasmzreal/fastsignal"
version = "10.2.1"
dependencies = []

[[package]]
name = "roblox/roact"
version = "1.4.4"
dependencies = []
